
Microsoft Visual Studio Solution File, Format Version 12.00
# Visual Studio Version 17
VisualStudioVersion = 17.9.34728.123
MinimumVisualStudioVersion = 10.0.40219.1
Project("{FAE04EC0-301F-11D3-BF4B-00C04F79EFBC}") = "Combate", "Combate\Combate.csproj", "{B96B4B46-E8B2-4052-8AAD-160850CB2470}"
EndProject
Global
	GlobalSection(SolutionConfigurationPlatforms) = preSolution
		Debug|Any CPU = Debug|Any CPU
		Release|Any CPU = Release|Any CPU
	EndGlobalSection
	GlobalSection(ProjectConfigurationPlatforms) = postSolution
		{B96B4B46-E8B2-4052-8AAD-160850CB2470}.Debug|Any CPU.ActiveCfg = Debug|Any CPU
		{B96B4B46-E8B2-4052-8AAD-160850CB2470}.Debug|Any CPU.Build.0 = Debug|Any CPU
		{B96B4B46-E8B2-4052-8AAD-160850CB2470}.Release|Any CPU.ActiveCfg = Release|Any CPU
		{B96B4B46-E8B2-4052-8AAD-160850CB2470}.Release|Any CPU.Build.0 = Release|Any CPU
	EndGlobalSection
	GlobalSection(SolutionProperties) = preSolution
		HideSolutionNode = FALSE
	EndGlobalSection
	GlobalSection(ExtensibilityGlobals) = postSolution
		SolutionGuid = {48063B0B-DC76-4719-9305-E812685DB2DE}
	EndGlobalSection
EndGlobal
